
Microsoft Visual Studio Solution File, Format Version 12.00
# Visual Studio Version 17
VisualStudioVersion = 17.14.36401.2
MinimumVisualStudioVersion = 10.0.40219.1
Project("{FAE04EC0-301F-11D3-BF4B-00C04F79EFBC}") = "EFDemo.Domain", "EFDemo\EFDemo.Domain.csproj", "{08C3E6DA-EBD5-40AA-9322-D7652D9DEC3F}"
EndProject
Project("{FAE04EC0-301F-11D3-BF4B-00C04F79EFBC}") = "EFDemo.Api", "EFDemo.Api\EFDemo.Api.csproj", "{FDCA25D0-3DFE-48F9-B8C7-C7B7746945AA}"
EndProject
Project("{FAE04EC0-301F-11D3-BF4B-00C04F79EFBC}") = "EFDemo.Infrastructure", "EFDemo.Infrastructure\EFDemo.Infrastructure.csproj", "{F3A01173-E807-404D-B7CB-3A4258092079}"
EndProject
Project("{FAE04EC0-301F-11D3-BF4B-00C04F79EFBC}") = "EFDemo.Tests", "EFDemo.Tests\EFDemo.Tests.csproj", "{A96DDD7D-A7E0-72D5-2F4E-499E4A173FC6}"
EndProject
Global
	GlobalSection(SolutionConfigurationPlatforms) = preSolution
		Debug|Any CPU = Debug|Any CPU
		Release|Any CPU = Release|Any CPU
	EndGlobalSection
	GlobalSection(ProjectConfigurationPlatforms) = postSolution
		{08C3E6DA-EBD5-40AA-9322-D7652D9DEC3F}.Debug|Any CPU.ActiveCfg = Debug|Any CPU
		{08C3E6DA-EBD5-40AA-9322-D7652D9DEC3F}.Debug|Any CPU.Build.0 = Debug|Any CPU
		{08C3E6DA-EBD5-40AA-9322-D7652D9DEC3F}.Release|Any CPU.ActiveCfg = Release|Any CPU
		{08C3E6DA-EBD5-40AA-9322-D7652D9DEC3F}.Release|Any CPU.Build.0 = Release|Any CPU
		{FDCA25D0-3DFE-48F9-B8C7-C7B7746945AA}.Debug|Any CPU.ActiveCfg = Debug|Any CPU
		{FDCA25D0-3DFE-48F9-B8C7-C7B7746945AA}.Debug|Any CPU.Build.0 = Debug|Any CPU
		{FDCA25D0-3DFE-48F9-B8C7-C7B7746945AA}.Release|Any CPU.ActiveCfg = Release|Any CPU
		{FDCA25D0-3DFE-48F9-B8C7-C7B7746945AA}.Release|Any CPU.Build.0 = Release|Any CPU
		{F3A01173-E807-404D-B7CB-3A4258092079}.Debug|Any CPU.ActiveCfg = Debug|Any CPU
		{F3A01173-E807-404D-B7CB-3A4258092079}.Debug|Any CPU.Build.0 = Debug|Any CPU
		{F3A01173-E807-404D-B7CB-3A4258092079}.Release|Any CPU.ActiveCfg = Release|Any CPU
		{F3A01173-E807-404D-B7CB-3A4258092079}.Release|Any CPU.Build.0 = Release|Any CPU
		{A96DDD7D-A7E0-72D5-2F4E-499E4A173FC6}.Debug|Any CPU.ActiveCfg = Debug|Any CPU
		{A96DDD7D-A7E0-72D5-2F4E-499E4A173FC6}.Debug|Any CPU.Build.0 = Debug|Any CPU
		{A96DDD7D-A7E0-72D5-2F4E-499E4A173FC6}.Release|Any CPU.ActiveCfg = Release|Any CPU
		{A96DDD7D-A7E0-72D5-2F4E-499E4A173FC6}.Release|Any CPU.Build.0 = Release|Any CPU
	EndGlobalSection
	GlobalSection(SolutionProperties) = preSolution
		HideSolutionNode = FALSE
	EndGlobalSection
	GlobalSection(ExtensibilityGlobals) = postSolution
		SolutionGuid = {C9731E5D-0269-4DA9-988C-791B3BAFC694}
	EndGlobalSection
EndGlobal
